# This file was autogenerated by uv via the following command:
#    uv pip compile pyproject.toml --extra dev --python-version 3.12 -o requirements-dev.lock
alembic==1.19.1
    # via ledger (pyproject.toml)
annotated-doc==0.0.5
    # via fastapi
annotated-types==0.8.0
    # via pydantic
anyio==4.14.2
    # via
    #   httpx
    #   starlette
    #   watchfiles
ast-serialize==0.8.0
    # via mypy
bidict==0.23.1
    # via python-socketio
blinker==1.9.0
    # via flask
brotli==1.2.0
    # via geventhttpclient
certifi==2026.7.22
    # via
    #   geventhttpclient
    #   httpcore
    #   httpx
    #   requests
charset-normalizer==3.5.0
    # via requests
click==8.4.2
    # via
    #   flask
    #   uvicorn
configargparse==1.7.5
    # via locust
coverage==7.15.4
    # via pytest-cov
fastapi==0.141.1
    # via ledger (pyproject.toml)
flask==3.1.3
    # via
    #   flask-cors
    #   flask-login
    #   locust
flask-cors==6.0.5
    # via locust
flask-login==0.6.3
    # via locust
gevent==26.8.0
    # via
    #   geventhttpclient
    #   locust
geventhttpclient==2.3.9
    # via locust
greenlet==3.5.5
    # via
    #   gevent
    #   sqlalchemy
h11==0.16.0
    # via
    #   httpcore
    #   uvicorn
    #   wsproto
httpcore==1.0.9
    # via httpx
httptools==0.8.0
    # via uvicorn
httpx==0.28.1
    # via ledger (pyproject.toml)
idna==3.18
    # via
    #   anyio
    #   httpx
    #   requests
iniconfig==2.3.0
    # via pytest
itsdangerous==2.2.0
    # via flask
jinja2==3.1.6
    # via flask
librt==0.15.0
    # via mypy
locust==2.46.3
    # via ledger (pyproject.toml)
mako==1.4.1
    # via alembic
markupsafe==3.0.3
    # via
    #   flask
    #   jinja2
    #   mako
    #   werkzeug
msgpack==1.2.1
    # via locust
mypy==2.3.0
    # via ledger (pyproject.toml)
mypy-extensions==1.1.0
    # via mypy
packaging==26.3
    # via pytest
pathspec==1.1.1
    # via mypy
pluggy==1.6.0
    # via
    #   pytest
    #   pytest-cov
prometheus-client==0.26.0
    # via ledger (pyproject.toml)
psutil==7.2.2
    # via locust
psycopg==3.3.4
    # via ledger (pyproject.toml)
psycopg-binary==3.3.4
    # via psycopg
psycopg-pool==3.3.1
    # via psycopg
pydantic==2.13.4
    # via
    #   ledger (pyproject.toml)
    #   fastapi
    #   pydantic-settings
pydantic-core==2.46.4
    # via pydantic
pydantic-settings==2.15.0
    # via ledger (pyproject.toml)
pygments==2.20.0
    # via pytest
pytest==9.1.1
    # via
    #   ledger (pyproject.toml)
    #   locust
    #   pytest-asyncio
    #   pytest-cov
pytest-asyncio==1.4.0
    # via ledger (pyproject.toml)
pytest-cov==7.1.0
    # via ledger (pyproject.toml)
python-dotenv==1.2.2
    # via
    #   pydantic-settings
    #   uvicorn
python-engineio==4.13.4
    # via
    #   locust
    #   python-socketio
python-socketio==5.16.4
    # via locust
pyyaml==6.0.3
    # via uvicorn
pyzmq==27.1.0
    # via locust
requests==2.34.2
    # via
    #   locust
    #   python-socketio
ruff==0.16.2
    # via ledger (pyproject.toml)
simple-websocket==1.1.0
    # via python-engineio
sqlalchemy==2.0.52
    # via
    #   ledger (pyproject.toml)
    #   alembic
starlette==1.6.0
    # via fastapi
structlog==26.1.0
    # via ledger (pyproject.toml)
tenacity==9.1.4
    # via ledger (pyproject.toml)
typing-extensions==4.16.0
    # via
    #   alembic
    #   anyio
    #   fastapi
    #   mypy
    #   psycopg
    #   psycopg-pool
    #   pydantic
    #   pydantic-core
    #   pytest-asyncio
    #   sqlalchemy
    #   starlette
    #   typing-inspection
typing-inspection==0.4.4
    # via
    #   fastapi
    #   pydantic
    #   pydantic-settings
urllib3==2.7.0
    # via
    #   geventhttpclient
    #   requests
uvicorn==0.52.1
    # via ledger (pyproject.toml)
uvloop==0.22.1
    # via uvicorn
watchfiles==1.2.0
    # via uvicorn
websocket-client==1.9.0
    # via python-socketio
websockets==17.0.1
    # via uvicorn
werkzeug==3.1.8
    # via
    #   flask
    #   flask-cors
    #   flask-login
    #   locust
wsproto==1.3.2
    # via simple-websocket
zope-event==6.2
    # via gevent
zope-interface==8.5
    # via gevent
